// !$*UTF8*$!
{
	archiveVersion = 1;
	classes = {
	};
	objectVersion = 46;
	objects = {

/* Begin PBXBuildFile section */
		C45281D21EC49BA90069CDF2 /* BYTE.c in Sources */ = {isa = PBXBuildFile; fileRef = C45281C31EC49BA90069CDF2 /* BYTE.c */; };
		C45281D31EC49BA90069CDF2 /* BYTE_STRING.c in Sources */ = {isa = PBXBuildFile; fileRef = C45281C51EC49BA90069CDF2 /* BYTE_STRING.c */; };
		C45281D41EC49BA90069CDF2 /* pt_coder.c in Sources */ = {isa = PBXBuildFile; fileRef = C45281C91EC49BA90069CDF2 /* pt_coder.c */; };
		C45281D51EC49BA90069CDF2 /* SEQUENCE.c in Sources */ = {isa = PBXBuildFile; fileRef = C45281CC1EC49BA90069CDF2 /* SEQUENCE.c */; };
		C45281D61EC49BA90069CDF2 /* tlv_len.c in Sources */ = {isa = PBXBuildFile; fileRef = C45281CE1EC49BA90069CDF2 /* tlv_len.c */; };
		C45281D71EC49BA90069CDF2 /* tlv_tag.c in Sources */ = {isa = PBXBuildFile; fileRef = C45281D01EC49BA90069CDF2 /* tlv_tag.c */; };
		C45281DD1EC49BCF0069CDF2 /* Arg.c in Sources */ = {isa = PBXBuildFile; fileRef = C45281D91EC49BCF0069CDF2 /* Arg.c */; };
		C45281DE1EC49BCF0069CDF2 /* Command.c in Sources */ = {isa = PBXBuildFile; fileRef = C45281DB1EC49BCF0069CDF2 /* Command.c */; };
		C45281E51EC49C880069CDF2 /* ArgTest.m in Sources */ = {isa = PBXBuildFile; fileRef = C45281DF1EC49C880069CDF2 /* ArgTest.m */; };
		C45281E61EC49C880069CDF2 /* BYTE_STRINGTest.m in Sources */ = {isa = PBXBuildFile; fileRef = C45281E01EC49C880069CDF2 /* BYTE_STRINGTest.m */; };
		C45281E71EC49C880069CDF2 /* BYTETest.m in Sources */ = {isa = PBXBuildFile; fileRef = C45281E11EC49C880069CDF2 /* BYTETest.m */; };
		C45281E81EC49C880069CDF2 /* CommandTest.m in Sources */ = {isa = PBXBuildFile; fileRef = C45281E21EC49C880069CDF2 /* CommandTest.m */; };
		C45281E91EC49C880069CDF2 /* LenTest.m in Sources */ = {isa = PBXBuildFile; fileRef = C45281E31EC49C880069CDF2 /* LenTest.m */; };
		C45281EA1EC49C880069CDF2 /* TagTest.m in Sources */ = {isa = PBXBuildFile; fileRef = C45281E41EC49C880069CDF2 /* TagTest.m */; };
		C4600A861EACD0EC006904B9 /* main.m in Sources */ = {isa = PBXBuildFile; fileRef = C4600A851EACD0EC006904B9 /* main.m */; };
		C4600A891EACD0EC006904B9 /* AppDelegate.m in Sources */ = {isa = PBXBuildFile; fileRef = C4600A881EACD0EC006904B9 /* AppDelegate.m */; };
		C4600A8F1EACD0EC006904B9 /* Main.storyboard in Resources */ = {isa = PBXBuildFile; fileRef = C4600A8D1EACD0EC006904B9 /* Main.storyboard */; };
		C4600A911EACD0EC006904B9 /* Assets.xcassets in Resources */ = {isa = PBXBuildFile; fileRef = C4600A901EACD0EC006904B9 /* Assets.xcassets */; };
		C4600A941EACD0EC006904B9 /* LaunchScreen.storyboard in Resources */ = {isa = PBXBuildFile; fileRef = C4600A921EACD0EC006904B9 /* LaunchScreen.storyboard */; };
		C4600AAD1EACD5E7006904B9 /* BLEDevice.m in Sources */ = {isa = PBXBuildFile; fileRef = C4600AAC1EACD5E7006904B9 /* BLEDevice.m */; };
		C4600AB01EACD647006904B9 /* BLEUtility.m in Sources */ = {isa = PBXBuildFile; fileRef = C4600AAF1EACD647006904B9 /* BLEUtility.m */; };
		C4600AB61EACD877006904B9 /* DFBlunoDevice.m in Sources */ = {isa = PBXBuildFile; fileRef = C4600AB51EACD877006904B9 /* DFBlunoDevice.m */; };
		C4600AB91EACD973006904B9 /* DFBlunoManager.m in Sources */ = {isa = PBXBuildFile; fileRef = C4600AB81EACD973006904B9 /* DFBlunoManager.m */; };
		C461CDF01EC8A86700A2CB11 /* PinIOController.m in Sources */ = {isa = PBXBuildFile; fileRef = C461CDEF1EC8A86700A2CB11 /* PinIOController.m */; };
		C461CDF31EC8A8B900A2CB11 /* InfoController.m in Sources */ = {isa = PBXBuildFile; fileRef = C461CDF21EC8A8B900A2CB11 /* InfoController.m */; };
		C461CDF61EC8AE5C00A2CB11 /* ScanController.m in Sources */ = {isa = PBXBuildFile; fileRef = C461CDF51EC8AE5C00A2CB11 /* ScanController.m */; };
		C461CDFA1EC8AECC00A2CB11 /* PinCell.m in Sources */ = {isa = PBXBuildFile; fileRef = C461CDF91EC8AECC00A2CB11 /* PinCell.m */; };
		C46D79CB1EC654C600C6B75A /* BlunoCommand.m in Sources */ = {isa = PBXBuildFile; fileRef = C46D79CA1EC654C600C6B75A /* BlunoCommand.m */; };
		C46D79CE1EC65C4A00C6B75A /* Pin.m in Sources */ = {isa = PBXBuildFile; fileRef = C46D79CD1EC65C4A00C6B75A /* Pin.m */; };
		C46D79D11EC6618000C6B75A /* Board.m in Sources */ = {isa = PBXBuildFile; fileRef = C46D79D01EC6617F00C6B75A /* Board.m */; };
		C4AABFE51EC6EA7800106E0E /* BlunoCommand+Commands.m in Sources */ = {isa = PBXBuildFile; fileRef = C4AABFE41EC6EA7800106E0E /* BlunoCommand+Commands.m */; };
		C4AABFEB1EC6F41400106E0E /* Bluno.m in Sources */ = {isa = PBXBuildFile; fileRef = C4AABFEA1EC6F41400106E0E /* Bluno.m */; };
/* End PBXBuildFile section */

/* Begin PBXContainerItemProxy section */
		C4600A9B1EACD0EC006904B9 /* PBXContainerItemProxy */ = {
			isa = PBXContainerItemProxy;
			containerPortal = C4600A791EACD0EC006904B9 /* Project object */;
			proxyType = 1;
			remoteGlobalIDString = C4600A801EACD0EC006904B9;
			remoteInfo = bluno;
		};
/* End PBXContainerItemProxy section */

/* Begin PBXFileReference section */
		C45281C31EC49BA90069CDF2 /* BYTE.c */ = {isa = PBXFileReference; fileEncoding = 4; lastKnownFileType = sourcecode.c.c; path = BYTE.c; sourceTree = "<group>"; };
		C45281C41EC49BA90069CDF2 /* BYTE.h */ = {isa = PBXFileReference; fileEncoding = 4; lastKnownFileType = sourcecode.c.h; path = BYTE.h; sourceTree = "<group>"; };
		C45281C51EC49BA90069CDF2 /* BYTE_STRING.c */ = {isa = PBXFileReference; fileEncoding = 4; lastKnownFileType = sourcecode.c.c; path = BYTE_STRING.c; sourceTree = "<group>"; };
		C45281C61EC49BA90069CDF2 /* BYTE_STRING.h */ = {isa = PBXFileReference; fileEncoding = 4; lastKnownFileType = sourcecode.c.h; path = BYTE_STRING.h; sourceTree = "<group>"; };
		C45281C71EC49BA90069CDF2 /* common.h */ = {isa = PBXFileReference; fileEncoding = 4; lastKnownFileType = sourcecode.c.h; path = common.h; sourceTree = "<group>"; };
		C45281C81EC49BA90069CDF2 /* pt_application.h */ = {isa = PBXFileReference; fileEncoding = 4; lastKnownFileType = sourcecode.c.h; path = pt_application.h; sourceTree = "<group>"; };
		C45281C91EC49BA90069CDF2 /* pt_coder.c */ = {isa = PBXFileReference; fileEncoding = 4; lastKnownFileType = sourcecode.c.c; path = pt_coder.c; sourceTree = "<group>"; };
		C45281CA1EC49BA90069CDF2 /* pt_coder.h */ = {isa = PBXFileReference; fileEncoding = 4; lastKnownFileType = sourcecode.c.h; path = pt_coder.h; sourceTree = "<group>"; };
		C45281CB1EC49BA90069CDF2 /* pt_type.h */ = {isa = PBXFileReference; fileEncoding = 4; lastKnownFileType = sourcecode.c.h; path = pt_type.h; sourceTree = "<group>"; };
		C45281CC1EC49BA90069CDF2 /* SEQUENCE.c */ = {isa = PBXFileReference; fileEncoding = 4; lastKnownFileType = sourcecode.c.c; path = SEQUENCE.c; sourceTree = "<group>"; };
		C45281CD1EC49BA90069CDF2 /* SEQUENCE.h */ = {isa = PBXFileReference; fileEncoding = 4; lastKnownFileType = sourcecode.c.h; path = SEQUENCE.h; sourceTree = "<group>"; };
		C45281CE1EC49BA90069CDF2 /* tlv_len.c */ = {isa = PBXFileReference; fileEncoding = 4; lastKnownFileType = sourcecode.c.c; path = tlv_len.c; sourceTree = "<group>"; };
		C45281CF1EC49BA90069CDF2 /* tlv_len.h */ = {isa = PBXFileReference; fileEncoding = 4; lastKnownFileType = sourcecode.c.h; path = tlv_len.h; sourceTree = "<group>"; };
		C45281D01EC49BA90069CDF2 /* tlv_tag.c */ = {isa = PBXFileReference; fileEncoding = 4; lastKnownFileType = sourcecode.c.c; path = tlv_tag.c; sourceTree = "<group>"; };
		C45281D11EC49BA90069CDF2 /* tlv_tag.h */ = {isa = PBXFileReference; fileEncoding = 4; lastKnownFileType = sourcecode.c.h; path = tlv_tag.h; sourceTree = "<group>"; };
		C45281D91EC49BCF0069CDF2 /* Arg.c */ = {isa = PBXFileReference; fileEncoding = 4; lastKnownFileType = sourcecode.c.c; path = Arg.c; sourceTree = "<group>"; };
		C45281DA1EC49BCF0069CDF2 /* Arg.h */ = {isa = PBXFileReference; fileEncoding = 4; lastKnownFileType = sourcecode.c.h; path = Arg.h; sourceTree = "<group>"; };
		C45281DB1EC49BCF0069CDF2 /* Command.c */ = {isa = PBXFileReference; fileEncoding = 4; lastKnownFileType = sourcecode.c.c; path = Command.c; sourceTree = "<group>"; };
		C45281DC1EC49BCF0069CDF2 /* Command.h */ = {isa = PBXFileReference; fileEncoding = 4; lastKnownFileType = sourcecode.c.h; path = Command.h; sourceTree = "<group>"; };
		C45281DF1EC49C880069CDF2 /* ArgTest.m */ = {isa = PBXFileReference; fileEncoding = 4; lastKnownFileType = sourcecode.c.objc; path = ArgTest.m; sourceTree = "<group>"; };
		C45281E01EC49C880069CDF2 /* BYTE_STRINGTest.m */ = {isa = PBXFileReference; fileEncoding = 4; lastKnownFileType = sourcecode.c.objc; path = BYTE_STRINGTest.m; sourceTree = "<group>"; };
		C45281E11EC49C880069CDF2 /* BYTETest.m */ = {isa = PBXFileReference; fileEncoding = 4; lastKnownFileType = sourcecode.c.objc; path = BYTETest.m; sourceTree = "<group>"; };
		C45281E21EC49C880069CDF2 /* CommandTest.m */ = {isa = PBXFileReference; fileEncoding = 4; lastKnownFileType = sourcecode.c.objc; path = CommandTest.m; sourceTree = "<group>"; };
		C45281E31EC49C880069CDF2 /* LenTest.m */ = {isa = PBXFileReference; fileEncoding = 4; lastKnownFileType = sourcecode.c.objc; path = LenTest.m; sourceTree = "<group>"; };
		C45281E41EC49C880069CDF2 /* TagTest.m */ = {isa = PBXFileReference; fileEncoding = 4; lastKnownFileType = sourcecode.c.objc; path = TagTest.m; sourceTree = "<group>"; };
		C4600A811EACD0EC006904B9 /* bluno.app */ = {isa = PBXFileReference; explicitFileType = wrapper.application; includeInIndex = 0; path = bluno.app; sourceTree = BUILT_PRODUCTS_DIR; };
		C4600A851EACD0EC006904B9 /* main.m */ = {isa = PBXFileReference; lastKnownFileType = sourcecode.c.objc; path = main.m; sourceTree = "<group>"; };
		C4600A871EACD0EC006904B9 /* AppDelegate.h */ = {isa = PBXFileReference; lastKnownFileType = sourcecode.c.h; path = AppDelegate.h; sourceTree = "<group>"; };
		C4600A881EACD0EC006904B9 /* AppDelegate.m */ = {isa = PBXFileReference; lastKnownFileType = sourcecode.c.objc; path = AppDelegate.m; sourceTree = "<group>"; };
		C4600A8E1EACD0EC006904B9 /* Base */ = {isa = PBXFileReference; lastKnownFileType = file.storyboard; name = Base; path = Base.lproj/Main.storyboard; sourceTree = "<group>"; };
		C4600A901EACD0EC006904B9 /* Assets.xcassets */ = {isa = PBXFileReference; lastKnownFileType = folder.assetcatalog; path = Assets.xcassets; sourceTree = "<group>"; };
		C4600A931EACD0EC006904B9 /* Base */ = {isa = PBXFileReference; lastKnownFileType = file.storyboard; name = Base; path = Base.lproj/LaunchScreen.storyboard; sourceTree = "<group>"; };
		C4600A951EACD0EC006904B9 /* Info.plist */ = {isa = PBXFileReference; lastKnownFileType = text.plist.xml; path = Info.plist; sourceTree = "<group>"; };
		C4600A9A1EACD0EC006904B9 /* blunoTests.xctest */ = {isa = PBXFileReference; explicitFileType = wrapper.cfbundle; includeInIndex = 0; path = blunoTests.xctest; sourceTree = BUILT_PRODUCTS_DIR; };
		C4600AA01EACD0EC006904B9 /* Info.plist */ = {isa = PBXFileReference; lastKnownFileType = text.plist.xml; path = Info.plist; sourceTree = "<group>"; };
		C4600AAB1EACD5E7006904B9 /* BLEDevice.h */ = {isa = PBXFileReference; fileEncoding = 4; lastKnownFileType = sourcecode.c.h; path = BLEDevice.h; sourceTree = "<group>"; };
		C4600AAC1EACD5E7006904B9 /* BLEDevice.m */ = {isa = PBXFileReference; fileEncoding = 4; lastKnownFileType = sourcecode.c.objc; path = BLEDevice.m; sourceTree = "<group>"; };
		C4600AAE1EACD647006904B9 /* BLEUtility.h */ = {isa = PBXFileReference; fileEncoding = 4; lastKnownFileType = sourcecode.c.h; path = BLEUtility.h; sourceTree = "<group>"; };
		C4600AAF1EACD647006904B9 /* BLEUtility.m */ = {isa = PBXFileReference; fileEncoding = 4; lastKnownFileType = sourcecode.c.objc; path = BLEUtility.m; sourceTree = "<group>"; };
		C4600AB41EACD877006904B9 /* DFBlunoDevice.h */ = {isa = PBXFileReference; fileEncoding = 4; lastKnownFileType = sourcecode.c.h; path = DFBlunoDevice.h; sourceTree = "<group>"; };
		C4600AB51EACD877006904B9 /* DFBlunoDevice.m */ = {isa = PBXFileReference; fileEncoding = 4; lastKnownFileType = sourcecode.c.objc; path = DFBlunoDevice.m; sourceTree = "<group>"; };
		C4600AB71EACD973006904B9 /* DFBlunoManager.h */ = {isa = PBXFileReference; fileEncoding = 4; lastKnownFileType = sourcecode.c.h; path = DFBlunoManager.h; sourceTree = "<group>"; };
		C4600AB81EACD973006904B9 /* DFBlunoManager.m */ = {isa = PBXFileReference; fileEncoding = 4; lastKnownFileType = sourcecode.c.objc; path = DFBlunoManager.m; sourceTree = "<group>"; };
		C461CDEE1EC8A86700A2CB11 /* PinIOController.h */ = {isa = PBXFileReference; fileEncoding = 4; lastKnownFileType = sourcecode.c.h; path = PinIOController.h; sourceTree = "<group>"; };
		C461CDEF1EC8A86700A2CB11 /* PinIOController.m */ = {isa = PBXFileReference; fileEncoding = 4; lastKnownFileType = sourcecode.c.objc; path = PinIOController.m; sourceTree = "<group>"; };
		C461CDF11EC8A8B900A2CB11 /* InfoController.h */ = {isa = PBXFileReference; fileEncoding = 4; lastKnownFileType = sourcecode.c.h; path = InfoController.h; sourceTree = "<group>"; };
		C461CDF21EC8A8B900A2CB11 /* InfoController.m */ = {isa = PBXFileReference; fileEncoding = 4; lastKnownFileType = sourcecode.c.objc; path = InfoController.m; sourceTree = "<group>"; };
		C461CDF41EC8AE5C00A2CB11 /* ScanController.h */ = {isa = PBXFileReference; fileEncoding = 4; lastKnownFileType = sourcecode.c.h; path = ScanController.h; sourceTree = "<group>"; };
		C461CDF51EC8AE5C00A2CB11 /* ScanController.m */ = {isa = PBXFileReference; fileEncoding = 4; lastKnownFileType = sourcecode.c.objc; path = ScanController.m; sourceTree = "<group>"; };
		C461CDF81EC8AECC00A2CB11 /* PinCell.h */ = {isa = PBXFileReference; fileEncoding = 4; lastKnownFileType = sourcecode.c.h; path = PinCell.h; sourceTree = "<group>"; };
		C461CDF91EC8AECC00A2CB11 /* PinCell.m */ = {isa = PBXFileReference; fileEncoding = 4; lastKnownFileType = sourcecode.c.objc; path = PinCell.m; sourceTree = "<group>"; };
		C46D79C81EC6518800C6B75A /* arduino.h */ = {isa = PBXFileReference; lastKnownFileType = sourcecode.c.h; path = arduino.h; sourceTree = "<group>"; };
		C46D79C91EC654C600C6B75A /* BlunoCommand.h */ = {isa = PBXFileReference; fileEncoding = 4; lastKnownFileType = sourcecode.c.h; path = BlunoCommand.h; sourceTree = "<group>"; };
		C46D79CA1EC654C600C6B75A /* BlunoCommand.m */ = {isa = PBXFileReference; fileEncoding = 4; lastKnownFileType = sourcecode.c.objc; path = BlunoCommand.m; sourceTree = "<group>"; };
		C46D79CC1EC65C4A00C6B75A /* Pin.h */ = {isa = PBXFileReference; fileEncoding = 4; lastKnownFileType = sourcecode.c.h; path = Pin.h; sourceTree = "<group>"; };
		C46D79CD1EC65C4A00C6B75A /* Pin.m */ = {isa = PBXFileReference; fileEncoding = 4; lastKnownFileType = sourcecode.c.objc; path = Pin.m; sourceTree = "<group>"; };
		C46D79CF1EC6617F00C6B75A /* Board.h */ = {isa = PBXFileReference; fileEncoding = 4; lastKnownFileType = sourcecode.c.h; path = Board.h; sourceTree = "<group>"; };
		C46D79D01EC6617F00C6B75A /* Board.m */ = {isa = PBXFileReference; fileEncoding = 4; lastKnownFileType = sourcecode.c.objc; path = Board.m; sourceTree = "<group>"; };
		C4AABFE31EC6EA7800106E0E /* BlunoCommand+Commands.h */ = {isa = PBXFileReference; fileEncoding = 4; lastKnownFileType = sourcecode.c.h; path = "BlunoCommand+Commands.h"; sourceTree = "<group>"; };
		C4AABFE41EC6EA7800106E0E /* BlunoCommand+Commands.m */ = {isa = PBXFileReference; fileEncoding = 4; lastKnownFileType = sourcecode.c.objc; path = "BlunoCommand+Commands.m"; sourceTree = "<group>"; };
		C4AABFE91EC6F41400106E0E /* Bluno.h */ = {isa = PBXFileReference; fileEncoding = 4; lastKnownFileType = sourcecode.c.h; path = Bluno.h; sourceTree = "<group>"; };
		C4AABFEA1EC6F41400106E0E /* Bluno.m */ = {isa = PBXFileReference; fileEncoding = 4; lastKnownFileType = sourcecode.c.objc; path = Bluno.m; sourceTree = "<group>"; };
/* End PBXFileReference section */

/* Begin PBXFrameworksBuildPhase section */
		C4600A7E1EACD0EC006904B9 /* Frameworks */ = {
			isa = PBXFrameworksBuildPhase;
			buildActionMask = 2147483647;
			files = (
			);
			runOnlyForDeploymentPostprocessing = 0;
		};
		C4600A971EACD0EC006904B9 /* Frameworks */ = {
			isa = PBXFrameworksBuildPhase;
			buildActionMask = 2147483647;
			files = (
			);
			runOnlyForDeploymentPostprocessing = 0;
		};
/* End PBXFrameworksBuildPhase section */

/* Begin PBXGroup section */
		C45281C21EC49BA90069CDF2 /* packet-parser */ = {
			isa = PBXGroup;
			children = (
				C45281C31EC49BA90069CDF2 /* BYTE.c */,
				C45281C41EC49BA90069CDF2 /* BYTE.h */,
				C45281C51EC49BA90069CDF2 /* BYTE_STRING.c */,
				C45281C61EC49BA90069CDF2 /* BYTE_STRING.h */,
				C45281C71EC49BA90069CDF2 /* common.h */,
				C45281C81EC49BA90069CDF2 /* pt_application.h */,
				C45281C91EC49BA90069CDF2 /* pt_coder.c */,
				C45281CA1EC49BA90069CDF2 /* pt_coder.h */,
				C45281CB1EC49BA90069CDF2 /* pt_type.h */,
				C45281CC1EC49BA90069CDF2 /* SEQUENCE.c */,
				C45281CD1EC49BA90069CDF2 /* SEQUENCE.h */,
				C45281CE1EC49BA90069CDF2 /* tlv_len.c */,
				C45281CF1EC49BA90069CDF2 /* tlv_len.h */,
				C45281D01EC49BA90069CDF2 /* tlv_tag.c */,
				C45281D11EC49BA90069CDF2 /* tlv_tag.h */,
			);
			path = "packet-parser";
			sourceTree = "<group>";
		};
		C45281D81EC49BCF0069CDF2 /* command */ = {
			isa = PBXGroup;
			children = (
				C45281D91EC49BCF0069CDF2 /* Arg.c */,
				C45281DA1EC49BCF0069CDF2 /* Arg.h */,
				C45281DB1EC49BCF0069CDF2 /* Command.c */,
				C45281DC1EC49BCF0069CDF2 /* Command.h */,
				C46D79C91EC654C600C6B75A /* BlunoCommand.h */,
				C46D79CA1EC654C600C6B75A /* BlunoCommand.m */,
				C4AABFE31EC6EA7800106E0E /* BlunoCommand+Commands.h */,
				C4AABFE41EC6EA7800106E0E /* BlunoCommand+Commands.m */,
			);
			path = command;
			sourceTree = "<group>";
		};
		C4600A781EACD0EC006904B9 = {
			isa = PBXGroup;
			children = (
				C4600A831EACD0EC006904B9 /* bluno */,
				C4600A9D1EACD0EC006904B9 /* blunoTests */,
				C4600A821EACD0EC006904B9 /* Products */,
			);
			sourceTree = "<group>";
		};
		C4600A821EACD0EC006904B9 /* Products */ = {
			isa = PBXGroup;
			children = (
				C4600A811EACD0EC006904B9 /* bluno.app */,
				C4600A9A1EACD0EC006904B9 /* blunoTests.xctest */,
			);
			name = Products;
			sourceTree = "<group>";
		};
		C4600A831EACD0EC006904B9 /* bluno */ = {
			isa = PBXGroup;
			children = (
				C461CDF71EC8AEA000A2CB11 /* views */,
				C461CDED1EC8A82E00A2CB11 /* controllers */,
				C46D79C71EC6513900C6B75A /* Arduino */,
				C45281C21EC49BA90069CDF2 /* packet-parser */,
				C45281D81EC49BCF0069CDF2 /* command */,
				C4600AA91EACD55D006904B9 /* Bluno */,
				C4AABFE91EC6F41400106E0E /* Bluno.h */,
				C4AABFEA1EC6F41400106E0E /* Bluno.m */,
				C4600A871EACD0EC006904B9 /* AppDelegate.h */,
				C4600A881EACD0EC006904B9 /* AppDelegate.m */,
				C4600A8D1EACD0EC006904B9 /* Main.storyboard */,
				C4600A901EACD0EC006904B9 /* Assets.xcassets */,
				C4600A921EACD0EC006904B9 /* LaunchScreen.storyboard */,
				C4600A951EACD0EC006904B9 /* Info.plist */,
				C4600A841EACD0EC006904B9 /* Supporting Files */,
			);
			path = bluno;
			sourceTree = "<group>";
		};
		C4600A841EACD0EC006904B9 /* Supporting Files */ = {
			isa = PBXGroup;
			children = (
				C4600A851EACD0EC006904B9 /* main.m */,
			);
			name = "Supporting Files";
			sourceTree = "<group>";
		};
		C4600A9D1EACD0EC006904B9 /* blunoTests */ = {
			isa = PBXGroup;
			children = (
				C45281DF1EC49C880069CDF2 /* ArgTest.m */,
				C45281E01EC49C880069CDF2 /* BYTE_STRINGTest.m */,
				C45281E11EC49C880069CDF2 /* BYTETest.m */,
				C45281E21EC49C880069CDF2 /* CommandTest.m */,
				C45281E31EC49C880069CDF2 /* LenTest.m */,
				C45281E41EC49C880069CDF2 /* TagTest.m */,
				C4600AA01EACD0EC006904B9 /* Info.plist */,
			);
			path = blunoTests;
			sourceTree = "<group>";
		};
		C4600AA91EACD55D006904B9 /* Bluno */ = {
			isa = PBXGroup;
			children = (
				C4600AAA1EACD5AB006904B9 /* BLE */,
				C4600AB41EACD877006904B9 /* DFBlunoDevice.h */,
				C4600AB51EACD877006904B9 /* DFBlunoDevice.m */,
				C4600AB71EACD973006904B9 /* DFBlunoManager.h */,
				C4600AB81EACD973006904B9 /* DFBlunoManager.m */,
			);
			path = Bluno;
			sourceTree = "<group>";
		};
		C4600AAA1EACD5AB006904B9 /* BLE */ = {
			isa = PBXGroup;
			children = (
				C4600AAB1EACD5E7006904B9 /* BLEDevice.h */,
				C4600AAC1EACD5E7006904B9 /* BLEDevice.m */,
				C4600AAE1EACD647006904B9 /* BLEUtility.h */,
				C4600AAF1EACD647006904B9 /* BLEUtility.m */,
			);
			path = BLE;
			sourceTree = "<group>";
		};
		C461CDED1EC8A82E00A2CB11 /* controllers */ = {
			isa = PBXGroup;
			children = (
				C461CDF11EC8A8B900A2CB11 /* InfoController.h */,
				C461CDF21EC8A8B900A2CB11 /* InfoController.m */,
				C461CDF41EC8AE5C00A2CB11 /* ScanController.h */,
				C461CDF51EC8AE5C00A2CB11 /* ScanController.m */,
				C461CDEE1EC8A86700A2CB11 /* PinIOController.h */,
				C461CDEF1EC8A86700A2CB11 /* PinIOController.m */,
			);
			path = controllers;
			sourceTree = "<group>";
		};
		C461CDF71EC8AEA000A2CB11 /* views */ = {
			isa = PBXGroup;
			children = (
				C461CDF81EC8AECC00A2CB11 /* PinCell.h */,
				C461CDF91EC8AECC00A2CB11 /* PinCell.m */,
			);
			path = views;
			sourceTree = "<group>";
		};
		C46D79C71EC6513900C6B75A /* Arduino */ = {
			isa = PBXGroup;
			children = (
				C46D79C81EC6518800C6B75A /* arduino.h */,
				C46D79CC1EC65C4A00C6B75A /* Pin.h */,
				C46D79CD1EC65C4A00C6B75A /* Pin.m */,
				C46D79CF1EC6617F00C6B75A /* Board.h */,
				C46D79D01EC6617F00C6B75A /* Board.m */,
			);
			path = Arduino;
			sourceTree = "<group>";
		};
/* End PBXGroup section */

/* Begin PBXNativeTarget section */
		C4600A801EACD0EC006904B9 /* bluno */ = {
			isa = PBXNativeTarget;
			buildConfigurationList = C4600AA31EACD0EC006904B9 /* Build configuration list for PBXNativeTarget "bluno" */;
			buildPhases = (
				C4600A7D1EACD0EC006904B9 /* Sources */,
				C4600A7E1EACD0EC006904B9 /* Frameworks */,
				C4600A7F1EACD0EC006904B9 /* Resources */,
			);
			buildRules = (
			);
			dependencies = (
			);
			name = bluno;
			productName = bluno;
			productReference = C4600A811EACD0EC006904B9 /* bluno.app */;
			productType = "com.apple.product-type.application";
		};
		C4600A991EACD0EC006904B9 /* blunoTests */ = {
			isa = PBXNativeTarget;
			buildConfigurationList = C4600AA61EACD0EC006904B9 /* Build configuration list for PBXNativeTarget "blunoTests" */;
			buildPhases = (
				C4600A961EACD0EC006904B9 /* Sources */,
				C4600A971EACD0EC006904B9 /* Frameworks */,
				C4600A981EACD0EC006904B9 /* Resources */,
			);
			buildRules = (
			);
			dependencies = (
				C4600A9C1EACD0EC006904B9 /* PBXTargetDependency */,
			);
			name = blunoTests;
			productName = blunoTests;
			productReference = C4600A9A1EACD0EC006904B9 /* blunoTests.xctest */;
			productType = "com.apple.product-type.bundle.unit-test";
		};
/* End PBXNativeTarget section */

/* Begin PBXProject section */
		C4600A791EACD0EC006904B9 /* Project object */ = {
			isa = PBXProject;
			attributes = {
				LastUpgradeCheck = 0830;
				ORGANIZATIONNAME = "Pavel Tsybulin";
				TargetAttributes = {
					C4600A801EACD0EC006904B9 = {
						CreatedOnToolsVersion = 8.3.2;
						DevelopmentTeam = V3B8Z5MTV4;
						ProvisioningStyle = Automatic;
					};
					C4600A991EACD0EC006904B9 = {
						CreatedOnToolsVersion = 8.3.2;
						ProvisioningStyle = Automatic;
						TestTargetID = C4600A801EACD0EC006904B9;
					};
				};
			};
			buildConfigurationList = C4600A7C1EACD0EC006904B9 /* Build configuration list for PBXProject "bluno" */;
			compatibilityVersion = "Xcode 3.2";
			developmentRegion = English;
			hasScannedForEncodings = 0;
			knownRegions = (
				en,
				Base,
			);
			mainGroup = C4600A781EACD0EC006904B9;
			productRefGroup = C4600A821EACD0EC006904B9 /* Products */;
			projectDirPath = "";
			projectRoot = "";
			targets = (
				C4600A801EACD0EC006904B9 /* bluno */,
				C4600A991EACD0EC006904B9 /* blunoTests */,
			);
		};
/* End PBXProject section */

/* Begin PBXResourcesBuildPhase section */
		C4600A7F1EACD0EC006904B9 /* Resources */ = {
			isa = PBXResourcesBuildPhase;
			buildActionMask = 2147483647;
			files = (
				C4600A941EACD0EC006904B9 /* LaunchScreen.storyboard in Resources */,
				C4600A911EACD0EC006904B9 /* Assets.xcassets in Resources */,
				C4600A8F1EACD0EC006904B9 /* Main.storyboard in Resources */,
			);
			runOnlyForDeploymentPostprocessing = 0;
		};
		C4600A981EACD0EC006904B9 /* Resources */ = {
			isa = PBXResourcesBuildPhase;
			buildActionMask = 2147483647;
			files = (
			);
			runOnlyForDeploymentPostprocessing = 0;
		};
/* End PBXResourcesBuildPhase section */

/* Begin PBXSourcesBuildPhase section */
		C4600A7D1EACD0EC006904B9 /* Sources */ = {
			isa = PBXSourcesBuildPhase;
			buildActionMask = 2147483647;
			files = (
				C461CDF31EC8A8B900A2CB11 /* InfoController.m in Sources */,
				C461CDFA1EC8AECC00A2CB11 /* PinCell.m in Sources */,
				C45281DD1EC49BCF0069CDF2 /* Arg.c in Sources */,
				C4600AB01EACD647006904B9 /* BLEUtility.m in Sources */,
				C45281D41EC49BA90069CDF2 /* pt_coder.c in Sources */,
				C45281D21EC49BA90069CDF2 /* BYTE.c in Sources */,
				C45281D51EC49BA90069CDF2 /* SEQUENCE.c in Sources */,
				C4AABFEB1EC6F41400106E0E /* Bluno.m in Sources */,
				C45281D71EC49BA90069CDF2 /* tlv_tag.c in Sources */,
				C45281D61EC49BA90069CDF2 /* tlv_len.c in Sources */,
				C4600AB61EACD877006904B9 /* DFBlunoDevice.m in Sources */,
				C46D79D11EC6618000C6B75A /* Board.m in Sources */,
				C46D79CB1EC654C600C6B75A /* BlunoCommand.m in Sources */,
				C45281DE1EC49BCF0069CDF2 /* Command.c in Sources */,
				C461CDF01EC8A86700A2CB11 /* PinIOController.m in Sources */,
				C45281D31EC49BA90069CDF2 /* BYTE_STRING.c in Sources */,
				C4600AAD1EACD5E7006904B9 /* BLEDevice.m in Sources */,
				C4AABFE51EC6EA7800106E0E /* BlunoCommand+Commands.m in Sources */,
				C4600AB91EACD973006904B9 /* DFBlunoManager.m in Sources */,
				C46D79CE1EC65C4A00C6B75A /* Pin.m in Sources */,
				C4600A891EACD0EC006904B9 /* AppDelegate.m in Sources */,
				C461CDF61EC8AE5C00A2CB11 /* ScanController.m in Sources */,
				C4600A861EACD0EC006904B9 /* main.m in Sources */,
			);
			runOnlyForDeploymentPostprocessing = 0;
		};
		C4600A961EACD0EC006904B9 /* Sources */ = {
			isa = PBXSourcesBuildPhase;
			buildActionMask = 2147483647;
			files = (
				C45281EA1EC49C880069CDF2 /* TagTest.m in Sources */,
				C45281E91EC49C880069CDF2 /* LenTest.m in Sources */,
				C45281E61EC49C880069CDF2 /* BYTE_STRINGTest.m in Sources */,
				C45281E71EC49C880069CDF2 /* BYTETest.m in Sources */,
				C45281E51EC49C880069CDF2 /* ArgTest.m in Sources */,
				C45281E81EC49C880069CDF2 /* CommandTest.m in Sources */,
			);
			runOnlyForDeploymentPostprocessing = 0;
		};
/* End PBXSourcesBuildPhase section */

/* Begin PBXTargetDependency section */
		C4600A9C1EACD0EC006904B9 /* PBXTargetDependency */ = {
			isa = PBXTargetDependency;
			target = C4600A801EACD0EC006904B9 /* bluno */;
			targetProxy = C4600A9B1EACD0EC006904B9 /* PBXContainerItemProxy */;
		};
/* End PBXTargetDependency section */

/* Begin PBXVariantGroup section */
		C4600A8D1EACD0EC006904B9 /* Main.storyboard */ = {
			isa = PBXVariantGroup;
			children = (
				C4600A8E1EACD0EC006904B9 /* Base */,
			);
			name = Main.storyboard;
			sourceTree = "<group>";
		};
		C4600A921EACD0EC006904B9 /* LaunchScreen.storyboard */ = {
			isa = PBXVariantGroup;
			children = (
				C4600A931EACD0EC006904B9 /* Base */,
			);
			name = LaunchScreen.storyboard;
			sourceTree = "<group>";
		};
/* End PBXVariantGroup section */

/* Begin XCBuildConfiguration section */
		C4600AA11EACD0EC006904B9 /* Debug */ = {
			isa = XCBuildConfiguration;
			buildSettings = {
				ALWAYS_SEARCH_USER_PATHS = NO;
				CLANG_ANALYZER_NONNULL = YES;
				CLANG_ANALYZER_NUMBER_OBJECT_CONVERSION = YES_AGGRESSIVE;
				CLANG_CXX_LANGUAGE_STANDARD = "gnu++0x";
				CLANG_CXX_LIBRARY = "libc++";
				CLANG_ENABLE_MODULES = YES;
				CLANG_ENABLE_OBJC_ARC = YES;
				CLANG_WARN_BOOL_CONVERSION = YES;
				CLANG_WARN_CONSTANT_CONVERSION = YES;
				CLANG_WARN_DIRECT_OBJC_ISA_USAGE = YES_ERROR;
				CLANG_WARN_DOCUMENTATION_COMMENTS = YES;
				CLANG_WARN_EMPTY_BODY = YES;
				CLANG_WARN_ENUM_CONVERSION = YES;
				CLANG_WARN_INFINITE_RECURSION = YES;
				CLANG_WARN_INT_CONVERSION = YES;
				CLANG_WARN_OBJC_ROOT_CLASS = YES_ERROR;
				CLANG_WARN_SUSPICIOUS_MOVE = YES;
				CLANG_WARN_UNREACHABLE_CODE = YES;
				CLANG_WARN__DUPLICATE_METHOD_MATCH = YES;
				"CODE_SIGN_IDENTITY[sdk=iphoneos*]" = "iPhone Developer";
				COPY_PHASE_STRIP = NO;
				DEBUG_INFORMATION_FORMAT = dwarf;
				ENABLE_STRICT_OBJC_MSGSEND = YES;
				ENABLE_TESTABILITY = YES;
				GCC_C_LANGUAGE_STANDARD = gnu99;
				GCC_DYNAMIC_NO_PIC = NO;
				GCC_NO_COMMON_BLOCKS = YES;
				GCC_OPTIMIZATION_LEVEL = 0;
				GCC_PREPROCESSOR_DEFINITIONS = (
					"DEBUG=1",
					"$(inherited)",
				);
				GCC_WARN_64_TO_32_BIT_CONVERSION = YES;
				GCC_WARN_ABOUT_RETURN_TYPE = YES_ERROR;
				GCC_WARN_UNDECLARED_SELECTOR = YES;
				GCC_WARN_UNINITIALIZED_AUTOS = YES_AGGRESSIVE;
				GCC_WARN_UNUSED_FUNCTION = YES;
				GCC_WARN_UNUSED_VARIABLE = YES;
				IPHONEOS_DEPLOYMENT_TARGET = 10.3;
				MTL_ENABLE_DEBUG_INFO = YES;
				ONLY_ACTIVE_ARCH = YES;
				SDKROOT = iphoneos;
			};
			name = Debug;
		};
		C4600AA21EACD0EC006904B9 /* Release */ = {
			isa = XCBuildConfiguration;
			buildSettings = {
				ALWAYS_SEARCH_USER_PATHS = NO;
				CLANG_ANALYZER_NONNULL = YES;
				CLANG_ANALYZER_NUMBER_OBJECT_CONVERSION = YES_AGGRESSIVE;
				CLANG_CXX_LANGUAGE_STANDARD = "gnu++0x";
				CLANG_CXX_LIBRARY = "libc++";
				CLANG_ENABLE_MODULES = YES;
				CLANG_ENABLE_OBJC_ARC = YES;
				CLANG_WARN_BOOL_CONVERSION = YES;
				CLANG_WARN_CONSTANT_CONVERSION = YES;
				CLANG_WARN_DIRECT_OBJC_ISA_USAGE = YES_ERROR;
				CLANG_WARN_DOCUMENTATION_COMMENTS = YES;
				CLANG_WARN_EMPTY_BODY = YES;
				CLANG_WARN_ENUM_CONVERSION = YES;
				CLANG_WARN_INFINITE_RECURSION = YES;
				CLANG_WARN_INT_CONVERSION = YES;
				CLANG_WARN_OBJC_ROOT_CLASS = YES_ERROR;
				CLANG_WARN_SUSPICIOUS_MOVE = YES;
				CLANG_WARN_UNREACHABLE_CODE = YES;
				CLANG_WARN__DUPLICATE_METHOD_MATCH = YES;
				"CODE_SIGN_IDENTITY[sdk=iphoneos*]" = "iPhone Developer";
				COPY_PHASE_STRIP = NO;
				DEBUG_INFORMATION_FORMAT = "dwarf-with-dsym";
				ENABLE_NS_ASSERTIONS = NO;
				ENABLE_STRICT_OBJC_MSGSEND = YES;
				GCC_C_LANGUAGE_STANDARD = gnu99;
				GCC_NO_COMMON_BLOCKS = YES;
				GCC_WARN_64_TO_32_BIT_CONVERSION = YES;
				GCC_WARN_ABOUT_RETURN_TYPE = YES_ERROR;
				GCC_WARN_UNDECLARED_SELECTOR = YES;
				GCC_WARN_UNINITIALIZED_AUTOS = YES_AGGRESSIVE;
				GCC_WARN_UNUSED_FUNCTION = YES;
				GCC_WARN_UNUSED_VARIABLE = YES;
				IPHONEOS_DEPLOYMENT_TARGET = 10.3;
				MTL_ENABLE_DEBUG_INFO = NO;
				SDKROOT = iphoneos;
				VALIDATE_PRODUCT = YES;
			};
			name = Release;
		};
		C4600AA41EACD0EC006904B9 /* Debug */ = {
			isa = XCBuildConfiguration;
			buildSettings = {
				ASSETCATALOG_COMPILER_APPICON_NAME = AppIcon;
				DEVELOPMENT_TEAM = V3B8Z5MTV4;
				INFOPLIST_FILE = bluno/Info.plist;
				LD_RUNPATH_SEARCH_PATHS = "$(inherited) @executable_path/Frameworks";
				OTHER_CFLAGS = "";
				PRODUCT_BUNDLE_IDENTIFIER = com.tsybulin.bluno;
				PRODUCT_NAME = "$(TARGET_NAME)";
			};
			name = Debug;
		};
		C4600AA51EACD0EC006904B9 /* Release */ = {
			isa = XCBuildConfiguration;
			buildSettings = {
				ASSETCATALOG_COMPILER_APPICON_NAME = AppIcon;
				DEVELOPMENT_TEAM = V3B8Z5MTV4;
				INFOPLIST_FILE = bluno/Info.plist;
				LD_RUNPATH_SEARCH_PATHS = "$(inherited) @executable_path/Frameworks";
				OTHER_CFLAGS = "";
				PRODUCT_BUNDLE_IDENTIFIER = com.tsybulin.bluno;
				PRODUCT_NAME = "$(TARGET_NAME)";
			};
			name = Release;
		};
		C4600AA71EACD0EC006904B9 /* Debug */ = {
			isa = XCBuildConfiguration;
			buildSettings = {
				BUNDLE_LOADER = "$(TEST_HOST)";
				INFOPLIST_FILE = blunoTests/Info.plist;
				LD_RUNPATH_SEARCH_PATHS = "$(inherited) @executable_path/Frameworks @loader_path/Frameworks";
				PRODUCT_BUNDLE_IDENTIFIER = com.tsybulin.blunoTests;
				PRODUCT_NAME = "$(TARGET_NAME)";
				TEST_HOST = "$(BUILT_PRODUCTS_DIR)/bluno.app/bluno";
			};
			name = Debug;
		};
		C4600AA81EACD0EC006904B9 /* Release */ = {
			isa = XCBuildConfiguration;
			buildSettings = {
				BUNDLE_LOADER = "$(TEST_HOST)";
				INFOPLIST_FILE = blunoTests/Info.plist;
				LD_RUNPATH_SEARCH_PATHS = "$(inherited) @executable_path/Frameworks @loader_path/Frameworks";
				PRODUCT_BUNDLE_IDENTIFIER = com.tsybulin.blunoTests;
				PRODUCT_NAME = "$(TARGET_NAME)";
				TEST_HOST = "$(BUILT_PRODUCTS_DIR)/bluno.app/bluno";
			};
			name = Release;
		};
/* End XCBuildConfiguration section */

/* Begin XCConfigurationList section */
		C4600A7C1EACD0EC006904B9 /* Build configuration list for PBXProject "bluno" */ = {
			isa = XCConfigurationList;
			buildConfigurations = (
				C4600AA11EACD0EC006904B9 /* Debug */,
				C4600AA21EACD0EC006904B9 /* Release */,
			);
			defaultConfigurationIsVisible = 0;
			defaultConfigurationName = Release;
		};
		C4600AA31EACD0EC006904B9 /* Build configuration list for PBXNativeTarget "bluno" */ = {
			isa = XCConfigurationList;
			buildConfigurations = (
				C4600AA41EACD0EC006904B9 /* Debug */,
				C4600AA51EACD0EC006904B9 /* Release */,
			);
			defaultConfigurationIsVisible = 0;
			defaultConfigurationName = Release;
		};
		C4600AA61EACD0EC006904B9 /* Build configuration list for PBXNativeTarget "blunoTests" */ = {
			isa = XCConfigurationList;
			buildConfigurations = (
				C4600AA71EACD0EC006904B9 /* Debug */,
				C4600AA81EACD0EC006904B9 /* Release */,
			);
			defaultConfigurationIsVisible = 0;
			defaultConfigurationName = Release;
		};
/* End XCConfigurationList section */
	};
	rootObject = C4600A791EACD0EC006904B9 /* Project object */;
}
